{
    "name": "vscode-deepscan",
    "version": "1.69.3",
    "lockfileVersion": 1,
    "requires": true,
    "dependencies": {
        "@types/vscode": {
            "version": "1.56.0",
            "resolved": "https://registry.npmjs.org/@types/vscode/-/vscode-1.56.0.tgz",
            "integrity": "sha512-Q5VmQxOx+L1Y6lIJiGcJzwcyV3pQo/eiW8P+7sNLhFI16tJCwtua2DLjHRcpjbCLNVYpQM73kzfFo1Z0HyP9eQ=="
        },
        "agent-base": {
            "version": "4.3.0",
            "resolved": "https://registry.npmjs.org/agent-base/-/agent-base-4.3.0.tgz",
            "integrity": "sha512-salcGninV0nPrwpGNn4VTXBb1SOuXQBiqbrNXoeizJsHrsL6ERFM2Ne3JUSBWRE6aeNJI2ROP/WEEIDUiDe3cg==",
            "dev": true,
            "requires": {
                "es6-promisify": "^5.0.0"
            }
        },
        "ansi-regex": {
            "version": "4.1.1",
            "resolved": "https://registry.npmjs.org/ansi-regex/-/ansi-regex-4.1.1.tgz",
            "integrity": "sha512-ILlv4k/3f6vfQ4OoP2AGvirOktlQ98ZEL1k9FaQjxa3L1abBgbuTDAdPOpvbGncC0BTVQrl+OM8xZGK6tWXt7g=="
        },
        "balanced-match": {
            "version": "1.0.0",
            "resolved": "https://registry.npmjs.org/balanced-match/-/balanced-match-1.0.0.tgz",
            "integrity": "sha1-ibTRmasr7kneFk6gK4nORi1xt2c=",
            "dev": true
        },
        "brace-expansion": {
            "version": "1.1.11",
            "resolved": "https://registry.npmjs.org/brace-expansion/-/brace-expansion-1.1.11.tgz",
            "integrity": "sha512-iCuPHDFgrHX7H2vEI/5xpz07zSHB00TpugqhmYtVmMO6518mCuRMoOYFldEBl0g187ufozdaHgWKcYFb61qGiA==",
            "dev": true,
            "requires": {
                "balanced-match": "^1.0.0",
                "concat-map": "0.0.1"
            }
        },
        "cliui": {
            "version": "5.0.0",
            "resolved": "https://registry.npmjs.org/cliui/-/cliui-5.0.0.tgz",
            "integrity": "sha512-PYeGSEmmHM6zvoef2w8TPzlrnNpXIjTipYK780YswmIP9vjxmd6Y2a3CB2Ks6/AU8NHjZugXvo8w3oWM2qnwXA==",
            "requires": {
                "string-width": "^3.1.0",
                "strip-ansi": "^5.2.0",
                "wrap-ansi": "^5.1.0"
            },
            "dependencies": {
                "strip-ansi": {
                    "version": "5.2.0",
                    "resolved": "https://registry.npmjs.org/strip-ansi/-/strip-ansi-5.2.0.tgz",
                    "integrity": "sha512-DuRs1gKbBqsMKIZlrffwlug8MHkcnpjs5VPmL1PAh+mA30U0DTotfDZ0d2UUsXpPmPmMMJ6W773MaA3J+lbiWA==",
                    "requires": {
                        "ansi-regex": "^4.1.0"
                    }
                }
            }
        },
        "color-convert": {
            "version": "1.9.3",
            "resolved": "https://registry.npmjs.org/color-convert/-/color-convert-1.9.3.tgz",
            "integrity": "sha512-QfAUtd+vFdAtFQcC8CCyYt1fYWxSqAiK2cSD6zDB8N3cpsEBAvRxp9zOGg6G/SHHJYAT88/az/IuDGALsNVbGg==",
            "requires": {
                "color-name": "1.1.3"
            }
        },
        "color-name": {
            "version": "1.1.3",
            "resolved": "https://registry.npmjs.org/color-name/-/color-name-1.1.3.tgz",
            "integrity": "sha1-p9BVi9icQveV3UIyj3QIMcpTvCU="
        },
        "concat-map": {
            "version": "0.0.1",
            "resolved": "https://registry.npmjs.org/concat-map/-/concat-map-0.0.1.tgz",
            "integrity": "sha1-2Klr13/Wjfd5OnMDajug1UBdR3s=",
            "dev": true
        },
        "debug": {
            "version": "3.1.0",
            "resolved": "https://registry.npmjs.org/debug/-/debug-3.1.0.tgz",
            "integrity": "sha512-OX8XqP7/1a9cqkxYw2yXss15f26NKWBpDXQd0/uK/KPqdQhxbPa994hnzjcE2VqQpDslf55723cKPUOGSmMY3g==",
            "dev": true,
            "requires": {
                "ms": "2.0.0"
            }
        },
        "decamelize": {
            "version": "1.2.0",
            "resolved": "https://registry.npmjs.org/decamelize/-/decamelize-1.2.0.tgz",
            "integrity": "sha1-9lNNFRSCabIDUue+4m9QH5oZEpA="
        },
        "emoji-regex": {
            "version": "7.0.3",
            "resolved": "https://registry.npmjs.org/emoji-regex/-/emoji-regex-7.0.3.tgz",
            "integrity": "sha512-CwBLREIQ7LvYFB0WyRvwhq5N5qPhc6PMjD6bYggFlI5YyDgl+0vxq5VHbMOFqLg7hfWzmu8T5Z1QofhmTIhItA=="
        },
        "es6-promise": {
            "version": "4.2.8",
            "resolved": "https://registry.npmjs.org/es6-promise/-/es6-promise-4.2.8.tgz",
            "integrity": "sha512-HJDGx5daxeIvxdBxvG2cb9g4tEvwIk3i8+nhX0yGrYmZUzbkdg8QbDevheDB8gd0//uPj4c1EQua8Q+MViT0/w==",
            "dev": true
        },
        "es6-promisify": {
            "version": "5.0.0",
            "resolved": "https://registry.npmjs.org/es6-promisify/-/es6-promisify-5.0.0.tgz",
            "integrity": "sha1-UQnWLz5W6pZ8S2NQWu8IKRyKUgM=",
            "dev": true,
            "requires": {
                "es6-promise": "^4.0.3"
            }
        },
        "fs.realpath": {
            "version": "1.0.0",
            "resolved": "https://registry.npmjs.org/fs.realpath/-/fs.realpath-1.0.0.tgz",
            "integrity": "sha1-FQStJSMVjKpA20onh8sBQRmU6k8=",
            "dev": true
        },
        "get-caller-file": {
            "version": "2.0.5",
            "resolved": "https://registry.npmjs.org/get-caller-file/-/get-caller-file-2.0.5.tgz",
            "integrity": "sha512-DyFP3BM/3YHTQOCUL/w0OZHR0lpKeGrxotcHWcqNEdnltqFwXVfhEBQ94eIo34AfQpo0rGki4cyIiftY06h2Fg=="
        },
        "glob": {
            "version": "7.1.6",
            "resolved": "https://registry.npmjs.org/glob/-/glob-7.1.6.tgz",
            "integrity": "sha512-LwaxwyZ72Lk7vZINtNNrywX0ZuLyStrdDtabefZKAY5ZGJhVtgdznluResxNmPitE0SAO+O26sWTHeKSI2wMBA==",
            "dev": true,
            "requires": {
                "fs.realpath": "^1.0.0",
                "inflight": "^1.0.4",
                "inherits": "2",
                "minimatch": "^3.0.4",
                "once": "^1.3.0",
                "path-is-absolute": "^1.0.0"
            }
        },
        "http-proxy-agent": {
            "version": "2.1.0",
            "resolved": "https://registry.npmjs.org/http-proxy-agent/-/http-proxy-agent-2.1.0.tgz",
            "integrity": "sha512-qwHbBLV7WviBl0rQsOzH6o5lwyOIvwp/BdFnvVxXORldu5TmjFfjzBcWUWS5kWAZhmv+JtiDhSuQCp4sBfbIgg==",
            "dev": true,
            "requires": {
                "agent-base": "4",
                "debug": "3.1.0"
            }
        },
        "https-proxy-agent": {
            "version": "2.2.4",
            "resolved": "https://registry.npmjs.org/https-proxy-agent/-/https-proxy-agent-2.2.4.tgz",
            "integrity": "sha512-OmvfoQ53WLjtA9HeYP9RNrWMJzzAz1JGaSFr1nijg0PVR1JaD/xbJq1mdEIIlxGpXp9eSe/O2LgU9DJmTPd0Eg==",
            "dev": true,
            "requires": {
                "agent-base": "^4.3.0",
                "debug": "^3.1.0"
            }
        },
        "inflight": {
            "version": "1.0.6",
            "resolved": "https://registry.npmjs.org/inflight/-/inflight-1.0.6.tgz",
            "integrity": "sha1-Sb1jMdfQLQwJvJEKEHW6gWW1bfk=",
            "dev": true,
            "requires": {
                "once": "^1.3.0",
                "wrappy": "1"
            }
        },
        "inherits": {
            "version": "2.0.4",
            "resolved": "https://registry.npmjs.org/inherits/-/inherits-2.0.4.tgz",
            "integrity": "sha512-k/vGaX4/Yla3WzyMCvTQOXYeIHvqOKtnqBduzTHpzpQZzAskKMhZ2K+EnBiSM9zGSoIFeMpXKxa4dYeZIQqewQ==",
            "dev": true
        },
        "is-fullwidth-code-point": {
            "version": "2.0.0",
            "resolved": "https://registry.npmjs.org/is-fullwidth-code-point/-/is-fullwidth-code-point-2.0.0.tgz",
            "integrity": "sha1-o7MKXE8ZkYMWeqq5O+764937ZU8="
        },
        "locate-path": {
            "version": "3.0.0",
            "resolved": "https://registry.npmjs.org/locate-path/-/locate-path-3.0.0.tgz",
            "integrity": "sha512-7AO748wWnIhNqAuaty2ZWHkQHRSNfPVIsPIfwEOWO22AmaoVrWavlOcMR5nzTLNYvp36X220/maaRsrec1G65A==",
            "requires": {
                "p-locate": "^3.0.0",
                "path-exists": "^3.0.0"
            },
            "dependencies": {
                "path-exists": {
                    "version": "3.0.0",
                    "resolved": "https://registry.npmjs.org/path-exists/-/path-exists-3.0.0.tgz",
                    "integrity": "sha1-zg6+ql94yxiSXqfYENe1mwEP1RU="
                }
            }
        },
        "lodash": {
            "version": "4.17.21",
            "resolved": "https://registry.npmjs.org/lodash/-/lodash-4.17.21.tgz",
            "integrity": "sha512-v2kDEe57lecTulaDIuNTPy3Ry4gLGJ6Z1O3vE1krgXZNrsQ+LFTGHVxVjcXPs17LhbZVGedAJv8XZ1tvj5FvSg=="
        },
        "minimatch": {
            "version": "3.1.2",
            "resolved": "https://registry.npmjs.org/minimatch/-/minimatch-3.1.2.tgz",
            "integrity": "sha512-J7p63hRiAjw1NDEww1W7i37+ByIrOWO5XQQAzZ3VOcL0PNybwpfmV/N05zFAzwQ9USyEcX6t3UO+K5aqBQOIHw==",
            "dev": true,
            "requires": {
                "brace-expansion": "^1.1.7"
            }
        },
        "ms": {
            "version": "2.0.0",
            "resolved": "https://registry.npmjs.org/ms/-/ms-2.0.0.tgz",
            "integrity": "sha1-VgiurfwAvmwpAd9fmGF4jeDVl8g=",
            "dev": true
        },
        "once": {
            "version": "1.4.0",
            "resolved": "https://registry.npmjs.org/once/-/once-1.4.0.tgz",
            "integrity": "sha1-WDsap3WWHUsROsF9nFC6753Xa9E=",
            "dev": true,
            "requires": {
                "wrappy": "1"
            }
        },
        "p-limit": {
            "version": "2.3.0",
            "resolved": "https://registry.npmjs.org/p-limit/-/p-limit-2.3.0.tgz",
            "integrity": "sha512-//88mFWSJx8lxCzwdAABTJL2MyWB12+eIY7MDL2SqLmAkeKU9qxRvWuSyTjm3FUmpBEMuFfckAIqEaVGUDxb6w==",
            "requires": {
                "p-try": "^2.0.0"
            }
        },
        "p-locate": {
            "version": "3.0.0",
            "resolved": "https://registry.npmjs.org/p-locate/-/p-locate-3.0.0.tgz",
            "integrity": "sha512-x+12w/To+4GFfgJhBEpiDcLozRJGegY+Ei7/z0tSLkMmxGZNybVMSfWj9aJn8Z5Fc7dBUNJOOVgPv2H7IwulSQ==",
            "requires": {
                "p-limit": "^2.0.0"
            }
        },
        "p-try": {
            "version": "2.2.0",
            "resolved": "https://registry.npmjs.org/p-try/-/p-try-2.2.0.tgz",
            "integrity": "sha512-R4nPAVTAU0B9D35/Gk3uJf/7XYbQcyohSKdvAxIRSNghFl4e71hVoGnBNQz9cWaXxO2I10KTC+3jMdvvoKw6dQ=="
        },
        "path-is-absolute": {
            "version": "1.0.1",
            "resolved": "https://registry.npmjs.org/path-is-absolute/-/path-is-absolute-1.0.1.tgz",
            "integrity": "sha1-F0uSaHNVNP+8es5r9TpanhtcX18=",
            "dev": true
        },
        "require-directory": {
            "version": "2.1.1",
            "resolved": "https://registry.npmjs.org/require-directory/-/require-directory-2.1.1.tgz",
            "integrity": "sha1-jGStX9MNqxyXbiNE/+f3kqam30I="
        },
        "require-main-filename": {
            "version": "2.0.0",
            "resolved": "https://registry.npmjs.org/require-main-filename/-/require-main-filename-2.0.0.tgz",
            "integrity": "sha512-NKN5kMDylKuldxYLSUfrbo5Tuzh4hd+2E8NPPX02mZtn1VuREQToYe/ZdlJy+J3uCpfaiGF05e7B8W0iXbQHmg=="
        },
        "rimraf": {
            "version": "2.7.1",
            "resolved": "https://registry.npmjs.org/rimraf/-/rimraf-2.7.1.tgz",
            "integrity": "sha512-uWjbaKIK3T1OSVptzX7Nl6PvQ3qAGtKEtVRjRuazjfL3Bx5eI409VZSqgND+4UNnmzLVdPj9FqFJNPqBZFve4w==",
            "dev": true,
            "requires": {
                "glob": "^7.1.3"
            }
        },
        "set-blocking": {
            "version": "2.0.0",
            "resolved": "https://registry.npmjs.org/set-blocking/-/set-blocking-2.0.0.tgz",
            "integrity": "sha1-BF+XgtARrppoA93TgrJDkrPYkPc="
        },
        "showdown": {
            "version": "1.9.1",
            "resolved": "https://registry.npmjs.org/showdown/-/showdown-1.9.1.tgz",
            "integrity": "sha512-9cGuS382HcvExtf5AHk7Cb4pAeQQ+h0eTr33V1mu+crYWV4KvWAw6el92bDrqGEk5d46Ai/fhbEUwqJ/mTCNEA==",
            "requires": {
                "yargs": "^14.2"
            }
        },
        "showdown-htmlescape": {
            "version": "0.1.9",
            "resolved": "http://repository.score/repository/npm-score/showdown-htmlescape/-/showdown-htmlescape-0.1.9.tgz",
            "integrity": "sha1-QplnaiCQFsn72r5gw4QI7vPrGAA=",
            "requires": {
                "showdown": "^1.2.3"
            }
        },
        "string-width": {
            "version": "3.1.0",
            "resolved": "https://registry.npmjs.org/string-width/-/string-width-3.1.0.tgz",
            "integrity": "sha512-vafcv6KjVZKSgz06oM/H6GDBrAtz8vdhQakGjFIvNrHA6y3HCF1CInLy+QLq8dTJPQ1b+KDUqDFctkdRW44e1w==",
            "requires": {
                "emoji-regex": "^7.0.1",
                "is-fullwidth-code-point": "^2.0.0",
                "strip-ansi": "^5.1.0"
            },
            "dependencies": {
                "strip-ansi": {
                    "version": "5.2.0",
                    "resolved": "https://registry.npmjs.org/strip-ansi/-/strip-ansi-5.2.0.tgz",
                    "integrity": "sha512-DuRs1gKbBqsMKIZlrffwlug8MHkcnpjs5VPmL1PAh+mA30U0DTotfDZ0d2UUsXpPmPmMMJ6W773MaA3J+lbiWA==",
                    "requires": {
                        "ansi-regex": "^4.1.0"
                    }
                }
            }
        },
        "vscode-jsonrpc": {
            "version": "3.6.2",
            "resolved": "http://repository.score/repository/npm-score/vscode-jsonrpc/-/vscode-jsonrpc-3.6.2.tgz",
            "integrity": "sha512-T24Jb5V48e4VgYliUXMnZ379ItbrXgOimweKaJshD84z+8q7ZOZjJan0MeDe+Ugb+uqERDVV8SBmemaGMSMugA=="
        },
        "vscode-languageclient": {
            "version": "5.0.1",
            "resolved": "http://repository.score/repository/npm-score/vscode-languageclient/-/vscode-languageclient-5.0.1.tgz",
            "integrity": "sha512-5o4mWbKRrjhgFPc3W1kXSWy9O2HQVacrgLI3gK98RsthKESnpgj9FX+7OQLtLgSvHhaqxJbVVz2xdPfeSDKaZg==",
            "requires": {
                "semver": "^5.5.0",
                "vscode-languageserver-protocol": "^3.10.3"
            },
            "dependencies": {
                "semver": {
                    "version": "5.5.1",
                    "resolved": "http://repository.score/repository/npm-score/semver/-/semver-5.5.1.tgz",
                    "integrity": "sha512-PqpAxfrEhlSUWge8dwIp4tZnQ25DIOthpiaHNIthsjEFQD6EvqUKUDM7L8O2rShkFccYo1VjJR0coWfNkCubRw=="
                },
                "vscode-languageserver-protocol": {
                    "version": "3.12.0",
                    "resolved": "http://repository.score/repository/npm-score/vscode-languageserver-protocol/-/vscode-languageserver-protocol-3.12.0.tgz",
                    "integrity": "sha512-evY6hmyzLnwQrqlQWPrNBq1z8wrSNjLesmgPzeS6Zv11mVS5UJRel26hbM/DH5tHdn45huNzRW0eFHRmIm8LpA==",
                    "requires": {
                        "vscode-jsonrpc": "^3.6.2",
                        "vscode-languageserver-types": "^3.12.0"
                    }
                }
            }
        },
        "vscode-languageserver-types": {
            "version": "3.12.0",
            "resolved": "http://repository.score/repository/npm-score/vscode-languageserver-types/-/vscode-languageserver-types-3.12.0.tgz",
            "integrity": "sha512-UxqnpzBToPO7Mi2tr/s5JeyPOSKSJtLB8lIdxCg9ZNdvP2cU8wS7iTDtwQKz91Ne4CUmTdf85ddR5SIZKXmMjQ=="
        },
        "vscode-test": {
            "version": "1.4.0",
            "resolved": "https://registry.npmjs.org/vscode-test/-/vscode-test-1.4.0.tgz",
            "integrity": "sha512-Jt7HNGvSE0+++Tvtq5wc4hiXLIr2OjDShz/gbAfM/mahQpy4rKBnmOK33D+MR67ATWviQhl+vpmU3p/qwSH/Pg==",
            "dev": true,
            "requires": {
                "http-proxy-agent": "^2.1.0",
                "https-proxy-agent": "^2.2.4",
                "rimraf": "^2.6.3"
            }
        },
        "which-module": {
            "version": "2.0.0",
            "resolved": "https://registry.npmjs.org/which-module/-/which-module-2.0.0.tgz",
            "integrity": "sha1-2e8H3Od7mQK4o6j6SzHD4/fm6Ho="
        },
        "wrap-ansi": {
            "version": "5.1.0",
            "resolved": "https://registry.npmjs.org/wrap-ansi/-/wrap-ansi-5.1.0.tgz",
            "integrity": "sha512-QC1/iN/2/RPVJ5jYK8BGttj5z83LmSKmvbvrXPNCLZSEb32KKVDJDl/MOt2N01qU2H/FkzEa9PKto1BqDjtd7Q==",
            "requires": {
                "ansi-styles": "^3.2.0",
                "string-width": "^3.0.0",
                "strip-ansi": "^5.0.0"
            },
            "dependencies": {
                "ansi-styles": {
                    "version": "3.2.1",
                    "resolved": "https://registry.npmjs.org/ansi-styles/-/ansi-styles-3.2.1.tgz",
                    "integrity": "sha512-VT0ZI6kZRdTh8YyJw3SMbYm/u+NqfsAxEpWO0Pf9sq8/e94WxxOpPKx9FR1FlyCtOVDNOQ+8ntlqFxiRc+r5qA==",
                    "requires": {
                        "color-convert": "^1.9.0"
                    }
                },
                "strip-ansi": {
                    "version": "5.2.0",
                    "resolved": "https://registry.npmjs.org/strip-ansi/-/strip-ansi-5.2.0.tgz",
                    "integrity": "sha512-DuRs1gKbBqsMKIZlrffwlug8MHkcnpjs5VPmL1PAh+mA30U0DTotfDZ0d2UUsXpPmPmMMJ6W773MaA3J+lbiWA==",
                    "requires": {
                        "ansi-regex": "^4.1.0"
                    }
                }
            }
        },
        "wrappy": {
            "version": "1.0.2",
            "resolved": "https://registry.npmjs.org/wrappy/-/wrappy-1.0.2.tgz",
            "integrity": "sha1-tSQ9jz7BqjXxNkYFvA0QNuMKtp8=",
            "dev": true
        },
        "y18n": {
            "version": "4.0.1",
            "resolved": "https://registry.npmjs.org/y18n/-/y18n-4.0.1.tgz",
            "integrity": "sha512-wNcy4NvjMYL8gogWWYAO7ZFWFfHcbdbE57tZO8e4cbpj8tfUcwrwqSl3ad8HxpYWCdXcJUCeKKZS62Av1affwQ=="
        },
        "yargs": {
            "version": "14.2.3",
            "resolved": "https://registry.npmjs.org/yargs/-/yargs-14.2.3.tgz",
            "integrity": "sha512-ZbotRWhF+lkjijC/VhmOT9wSgyBQ7+zr13+YLkhfsSiTriYsMzkTUFP18pFhWwBeMa5gUc1MzbhrO6/VB7c9Xg==",
            "requires": {
                "cliui": "^5.0.0",
                "decamelize": "^1.2.0",
                "find-up": "^3.0.0",
                "get-caller-file": "^2.0.1",
                "require-directory": "^2.1.1",
                "require-main-filename": "^2.0.0",
                "set-blocking": "^2.0.0",
                "string-width": "^3.0.0",
                "which-module": "^2.0.0",
                "y18n": "^4.0.0",
                "yargs-parser": "^15.0.1"
            },
            "dependencies": {
                "find-up": {
                    "version": "3.0.0",
                    "resolved": "https://registry.npmjs.org/find-up/-/find-up-3.0.0.tgz",
                    "integrity": "sha512-1yD6RmLI1XBfxugvORwlck6f75tYL+iR0jqwsOrOxMZyGYqUuDhJ0l4AXdO1iX/FTs9cBAMEk1gWSEx1kSbylg==",
                    "requires": {
                        "locate-path": "^3.0.0"
                    }
                }
            }
        },
        "yargs-parser": {
            "version": "15.0.1",
            "resolved": "https://registry.npmjs.org/yargs-parser/-/yargs-parser-15.0.1.tgz",
            "integrity": "sha512-0OAMV2mAZQrs3FkNpDQcBk1x5HXb8X4twADss4S0Iuk+2dGnLOE/fRHrsYm542GduMveyA77OF4wrNJuanRCWw==",
            "requires": {
                "camelcase": "^5.0.0",
                "decamelize": "^1.2.0"
            },
            "dependencies": {
                "camelcase": {
                    "version": "5.3.1",
                    "resolved": "https://registry.npmjs.org/camelcase/-/camelcase-5.3.1.tgz",
                    "integrity": "sha512-L28STB170nwWS63UjtlEOE3dldQApaJXZkOI1uMFfzf3rRuPegHaHesyee+YxQ+W6SvRDQV6UrdOdRiR153wJg=="
                }
            }
        }
    }
}
