{
    "name": "vscode-deepscan",
    "version": "1.6.0",
    "lockfileVersion": 1,
    "requires": true,
    "dependencies": {
        "@types/node": {
            "version": "8.10.29",
            "resolved": "http://repository.score/repository/npm-score/@types/node/-/node-8.10.29.tgz",
            "integrity": "sha512-zbteaWZ2mdduacm0byELwtRyhYE40aK+pAanQk415gr1eRuu67x7QGOLmn8jz5zI8LDK7d0WI/oT6r5Trz4rzQ==",
            "dev": true
        },
        "typescript": {
            "version": "2.9.2",
            "resolved": "http://repository.score/repository/npm-score/typescript/-/typescript-2.9.2.tgz",
            "integrity": "sha512-Gr4p6nFNaoufRIY4NMdpQRNmgxVIGMs4Fcu/ujdYk3nAZqk7supzBE9idmvfZIlH/Cuj//dvi+019qEue9lV0w==",
            "dev": true
        }
    }
}
