{
    "name": "deepscan-server",
    "version": "1.5.0",
    "lockfileVersion": 1,
    "requires": true,
    "dependencies": {
        "asynckit": {
            "version": "0.4.0",
            "resolved": "https://registry.npmjs.org/asynckit/-/asynckit-0.4.0.tgz",
            "integrity": "sha1-x57Zf380y48robyXkLzDZkdLS3k="
        },
        "axios": {
            "version": "0.21.1",
            "resolved": "https://registry.npmjs.org/axios/-/axios-0.21.1.tgz",
            "integrity": "sha512-dKQiRHxGD9PPRIUNIWvZhPTPpl1rf/OxTYKsqKUDjBwYylTvV7SjSHJb9ratfyzM6wCdLCOYLzs73qpg5c4iGA==",
            "requires": {
                "follow-redirects": "^1.10.0"
            }
        },
        "delayed-stream": {
            "version": "1.0.0",
            "resolved": "https://registry.npmjs.org/delayed-stream/-/delayed-stream-1.0.0.tgz",
            "integrity": "sha1-3zrhmayt+31ECqrgsp4icrJOxhk="
        },
        "follow-redirects": {
            "version": "1.13.1",
            "resolved": "https://registry.npmjs.org/follow-redirects/-/follow-redirects-1.13.1.tgz",
            "integrity": "sha512-SSG5xmZh1mkPGyKzjZP8zLjltIfpW32Y5QpdNJyjcfGxK3qo3NDDkZOZSFiGn1A6SclQxY9GzEwAHQ3dmYRWpg=="
        },
        "form-data": {
            "version": "3.0.0",
            "resolved": "https://registry.npmjs.org/form-data/-/form-data-3.0.0.tgz",
            "integrity": "sha512-CKMFDglpbMi6PyN+brwB9Q/GOw0eAnsrEZDgcsH5Krhz5Od/haKHAX0NmQfha2zPPz0JpWzA7GJHGSnvCRLWsg==",
            "requires": {
                "asynckit": "^0.4.0",
                "combined-stream": "^1.0.8",
                "mime-types": "^2.1.12"
            },
            "dependencies": {
                "combined-stream": {
                    "version": "1.0.8",
                    "resolved": "https://registry.npmjs.org/combined-stream/-/combined-stream-1.0.8.tgz",
                    "integrity": "sha512-FQN4MRfuJeHf7cBbBMJFXhKSDq+2kAArBlmRBvcvFE5BB1HZKXtSFASDhdlz9zOYwxh8lDdnvmMOe/+5cdoEdg==",
                    "requires": {
                        "delayed-stream": "~1.0.0"
                    }
                }
            }
        },
        "ignore": {
            "version": "5.1.8",
            "resolved": "https://registry.npmjs.org/ignore/-/ignore-5.1.8.tgz",
            "integrity": "sha512-BMpfD7PpiETpBl/A6S498BaIJ6Y/ABT93ETbby2fP00v4EbvPBXWEoaR1UBPKs3iR53pJY7EtZk5KACI57i1Uw=="
        },
        "lodash": {
            "version": "4.17.19",
            "resolved": "https://registry.npmjs.org/lodash/-/lodash-4.17.19.tgz",
            "integrity": "sha512-JNvd8XER9GQX0v2qJgsaN/mzFCNA5BRe/j8JN9d+tWyGLSodKQHKFicdwNYzWwI3wjRnaKPsGj1XkBjx/F96DQ=="
        },
        "mime-types": {
            "version": "2.1.27",
            "resolved": "https://registry.npmjs.org/mime-types/-/mime-types-2.1.27.tgz",
            "integrity": "sha512-JIhqnCasI9yD+SsmkquHBxTSEuZdQX5BuQnS2Vc7puQQQ+8yiP5AY5uWhpdv4YL4VM5c6iliiYWPgJ/nJQLp7w==",
            "requires": {
                "mime-db": "1.44.0"
            },
            "dependencies": {
                "mime-db": {
                    "version": "1.44.0",
                    "resolved": "https://registry.npmjs.org/mime-db/-/mime-db-1.44.0.tgz",
                    "integrity": "sha512-/NOTfLrsPBVeH7YtFPgsVWveuL+4SjjYxaQ1xtM1KMFj7HdxlBlxeyNLzhyJVx7r4rZGJAZ/6lkKCitSc/Nmpg=="
                }
            }
        },
        "vscode-jsonrpc": {
            "version": "3.6.2",
            "resolved": "http://repository.score/repository/npm-score/vscode-jsonrpc/-/vscode-jsonrpc-3.6.2.tgz",
            "integrity": "sha512-T24Jb5V48e4VgYliUXMnZ379ItbrXgOimweKaJshD84z+8q7ZOZjJan0MeDe+Ugb+uqERDVV8SBmemaGMSMugA=="
        },
        "vscode-languageserver": {
            "version": "5.0.3",
            "resolved": "http://repository.score/repository/npm-score/vscode-languageserver/-/vscode-languageserver-5.0.3.tgz",
            "integrity": "sha512-itOImvZfDueQXMhy4pm2SwPKa3AShZvILXFcK/5X3ruiYdZozmx3OeD5Y92dVBt0OzTdbVD9MZcEelH4E7Eu3g==",
            "requires": {
                "vscode-languageserver-protocol": "^3.10.3",
                "vscode-uri": "^1.0.5"
            }
        },
        "vscode-languageserver-protocol": {
            "version": "3.12.0",
            "resolved": "http://repository.score/repository/npm-score/vscode-languageserver-protocol/-/vscode-languageserver-protocol-3.12.0.tgz",
            "integrity": "sha512-evY6hmyzLnwQrqlQWPrNBq1z8wrSNjLesmgPzeS6Zv11mVS5UJRel26hbM/DH5tHdn45huNzRW0eFHRmIm8LpA==",
            "requires": {
                "vscode-jsonrpc": "^3.6.2",
                "vscode-languageserver-types": "^3.12.0"
            }
        },
        "vscode-languageserver-types": {
            "version": "3.12.0",
            "resolved": "http://repository.score/repository/npm-score/vscode-languageserver-types/-/vscode-languageserver-types-3.12.0.tgz",
            "integrity": "sha512-UxqnpzBToPO7Mi2tr/s5JeyPOSKSJtLB8lIdxCg9ZNdvP2cU8wS7iTDtwQKz91Ne4CUmTdf85ddR5SIZKXmMjQ=="
        },
        "vscode-uri": {
            "version": "1.0.6",
            "resolved": "http://repository.score/repository/npm-score/vscode-uri/-/vscode-uri-1.0.6.tgz",
            "integrity": "sha512-sLI2L0uGov3wKVb9EB+vIQBl9tVP90nqRvxSoJ35vI3NjxE8jfsE5DSOhWgSunHSZmKS4OCi2jrtfxK7uyp2ww=="
        }
    }
}
